
Microsoft Visual Studio Solution File, Format Version 12.00
# Visual Studio Version 16
VisualStudioVersion = 16.0.30225.117
MinimumVisualStudioVersion = 10.0.40219.1
Project("{FAE04EC0-301F-11D3-BF4B-00C04F79EFBC}") = "Toast.Android", "Toast\Toast.Android\Toast.Android.csproj", "{A8A8E96B-481C-4607-86E5-6C96F5C0CF0A}"
EndProject
Project("{FAE04EC0-301F-11D3-BF4B-00C04F79EFBC}") = "Toast.iOS", "Toast\Toast.iOS\Toast.iOS.csproj", "{D5FA46B5-441F-4848-842F-344B5A5BBE02}"
EndProject
Project("{FAE04EC0-301F-11D3-BF4B-00C04F79EFBC}") = "Toast", "Toast\Toast\Toast.csproj", "{7C06F5A0-E5DB-4799-9142-FEB8EBAFAC93}"
EndProject
Global
	GlobalSection(SolutionConfigurationPlatforms) = preSolution
		Debug|Any CPU = Debug|Any CPU
		Debug|iPhone = Debug|iPhone
		Debug|iPhoneSimulator = Debug|iPhoneSimulator
		Release|Any CPU = Release|Any CPU
		Release|iPhone = Release|iPhone
		Release|iPhoneSimulator = Release|iPhoneSimulator
	EndGlobalSection
	GlobalSection(ProjectConfigurationPlatforms) = postSolution
		{A8A8E96B-481C-4607-86E5-6C96F5C0CF0A}.Debug|Any CPU.ActiveCfg = Debug|Any CPU
		{A8A8E96B-481C-4607-86E5-6C96F5C0CF0A}.Debug|Any CPU.Build.0 = Debug|Any CPU
		{A8A8E96B-481C-4607-86E5-6C96F5C0CF0A}.Debug|Any CPU.Deploy.0 = Debug|Any CPU
		{A8A8E96B-481C-4607-86E5-6C96F5C0CF0A}.Debug|iPhone.ActiveCfg = Debug|Any CPU
		{A8A8E96B-481C-4607-86E5-6C96F5C0CF0A}.Debug|iPhone.Build.0 = Debug|Any CPU
		{A8A8E96B-481C-4607-86E5-6C96F5C0CF0A}.Debug|iPhone.Deploy.0 = Debug|Any CPU
		{A8A8E96B-481C-4607-86E5-6C96F5C0CF0A}.Debug|iPhoneSimulator.ActiveCfg = Debug|Any CPU
		{A8A8E96B-481C-4607-86E5-6C96F5C0CF0A}.Debug|iPhoneSimulator.Build.0 = Debug|Any CPU
		{A8A8E96B-481C-4607-86E5-6C96F5C0CF0A}.Debug|iPhoneSimulator.Deploy.0 = Debug|Any CPU
		{A8A8E96B-481C-4607-86E5-6C96F5C0CF0A}.Release|Any CPU.ActiveCfg = Release|Any CPU
		{A8A8E96B-481C-4607-86E5-6C96F5C0CF0A}.Release|Any CPU.Build.0 = Release|Any CPU
		{A8A8E96B-481C-4607-86E5-6C96F5C0CF0A}.Release|Any CPU.Deploy.0 = Release|Any CPU
		{A8A8E96B-481C-4607-86E5-6C96F5C0CF0A}.Release|iPhone.ActiveCfg = Release|Any CPU
		{A8A8E96B-481C-4607-86E5-6C96F5C0CF0A}.Release|iPhone.Build.0 = Release|Any CPU
		{A8A8E96B-481C-4607-86E5-6C96F5C0CF0A}.Release|iPhone.Deploy.0 = Release|Any CPU
		{A8A8E96B-481C-4607-86E5-6C96F5C0CF0A}.Release|iPhoneSimulator.ActiveCfg = Release|Any CPU
		{A8A8E96B-481C-4607-86E5-6C96F5C0CF0A}.Release|iPhoneSimulator.Build.0 = Release|Any CPU
		{A8A8E96B-481C-4607-86E5-6C96F5C0CF0A}.Release|iPhoneSimulator.Deploy.0 = Release|Any CPU
		{D5FA46B5-441F-4848-842F-344B5A5BBE02}.Debug|Any CPU.ActiveCfg = Debug|iPhone
		{D5FA46B5-441F-4848-842F-344B5A5BBE02}.Debug|Any CPU.Build.0 = Debug|iPhone
		{D5FA46B5-441F-4848-842F-344B5A5BBE02}.Debug|Any CPU.Deploy.0 = Debug|iPhone
		{D5FA46B5-441F-4848-842F-344B5A5BBE02}.Debug|iPhone.ActiveCfg = Debug|iPhone
		{D5FA46B5-441F-4848-842F-344B5A5BBE02}.Debug|iPhone.Build.0 = Debug|iPhone
		{D5FA46B5-441F-4848-842F-344B5A5BBE02}.Debug|iPhone.Deploy.0 = Debug|iPhone
		{D5FA46B5-441F-4848-842F-344B5A5BBE02}.Debug|iPhoneSimulator.ActiveCfg = Debug|iPhoneSimulator
		{D5FA46B5-441F-4848-842F-344B5A5BBE02}.Debug|iPhoneSimulator.Build.0 = Debug|iPhoneSimulator
		{D5FA46B5-441F-4848-842F-344B5A5BBE02}.Debug|iPhoneSimulator.Deploy.0 = Debug|iPhoneSimulator
		{D5FA46B5-441F-4848-842F-344B5A5BBE02}.Release|Any CPU.ActiveCfg = Release|iPhone
		{D5FA46B5-441F-4848-842F-344B5A5BBE02}.Release|Any CPU.Build.0 = Release|iPhone
		{D5FA46B5-441F-4848-842F-344B5A5BBE02}.Release|Any CPU.Deploy.0 = Release|iPhone
		{D5FA46B5-441F-4848-842F-344B5A5BBE02}.Release|iPhone.ActiveCfg = Release|iPhone
		{D5FA46B5-441F-4848-842F-344B5A5BBE02}.Release|iPhone.Build.0 = Release|iPhone
		{D5FA46B5-441F-4848-842F-344B5A5BBE02}.Release|iPhone.Deploy.0 = Release|iPhone
		{D5FA46B5-441F-4848-842F-344B5A5BBE02}.Release|iPhoneSimulator.ActiveCfg = Release|iPhoneSimulator
		{D5FA46B5-441F-4848-842F-344B5A5BBE02}.Release|iPhoneSimulator.Build.0 = Release|iPhoneSimulator
		{D5FA46B5-441F-4848-842F-344B5A5BBE02}.Release|iPhoneSimulator.Deploy.0 = Release|iPhoneSimulator
		{7C06F5A0-E5DB-4799-9142-FEB8EBAFAC93}.Debug|Any CPU.ActiveCfg = Debug|Any CPU
		{7C06F5A0-E5DB-4799-9142-FEB8EBAFAC93}.Debug|Any CPU.Build.0 = Debug|Any CPU
		{7C06F5A0-E5DB-4799-9142-FEB8EBAFAC93}.Debug|Any CPU.Deploy.0 = Debug|Any CPU
		{7C06F5A0-E5DB-4799-9142-FEB8EBAFAC93}.Debug|iPhone.ActiveCfg = Debug|Any CPU
		{7C06F5A0-E5DB-4799-9142-FEB8EBAFAC93}.Debug|iPhone.Build.0 = Debug|Any CPU
		{7C06F5A0-E5DB-4799-9142-FEB8EBAFAC93}.Debug|iPhone.Deploy.0 = Debug|Any CPU
		{7C06F5A0-E5DB-4799-9142-FEB8EBAFAC93}.Debug|iPhoneSimulator.ActiveCfg = Debug|Any CPU
		{7C06F5A0-E5DB-4799-9142-FEB8EBAFAC93}.Debug|iPhoneSimulator.Build.0 = Debug|Any CPU
		{7C06F5A0-E5DB-4799-9142-FEB8EBAFAC93}.Debug|iPhoneSimulator.Deploy.0 = Debug|Any CPU
		{7C06F5A0-E5DB-4799-9142-FEB8EBAFAC93}.Release|Any CPU.ActiveCfg = Release|Any CPU
		{7C06F5A0-E5DB-4799-9142-FEB8EBAFAC93}.Release|Any CPU.Build.0 = Release|Any CPU
		{7C06F5A0-E5DB-4799-9142-FEB8EBAFAC93}.Release|Any CPU.Deploy.0 = Release|Any CPU
		{7C06F5A0-E5DB-4799-9142-FEB8EBAFAC93}.Release|iPhone.ActiveCfg = Release|Any CPU
		{7C06F5A0-E5DB-4799-9142-FEB8EBAFAC93}.Release|iPhone.Build.0 = Release|Any CPU
		{7C06F5A0-E5DB-4799-9142-FEB8EBAFAC93}.Release|iPhone.Deploy.0 = Release|Any CPU
		{7C06F5A0-E5DB-4799-9142-FEB8EBAFAC93}.Release|iPhoneSimulator.ActiveCfg = Release|Any CPU
		{7C06F5A0-E5DB-4799-9142-FEB8EBAFAC93}.Release|iPhoneSimulator.Build.0 = Release|Any CPU
		{7C06F5A0-E5DB-4799-9142-FEB8EBAFAC93}.Release|iPhoneSimulator.Deploy.0 = Release|Any CPU
	EndGlobalSection
	GlobalSection(SolutionProperties) = preSolution
		HideSolutionNode = FALSE
	EndGlobalSection
	GlobalSection(ExtensibilityGlobals) = postSolution
		SolutionGuid = {97CA3D58-DBB9-4440-822B-ACD7A4382B3E}
	EndGlobalSection
EndGlobal
